// !$*UTF8*$!
{
	archiveVersion = 1;
	classes = {
	};
	objectVersion = 50;
	objects = {

/* Begin PBXBuildFile section */
		1D501BC321A3A1FD004F3FCB /* Feature2ViewController.m in Sources */ = {isa = PBXBuildFile; fileRef = 1D501BC221A3A1FD004F3FCB /* Feature2ViewController.m */; };
		1D501BC621A3A539004F3FCB /* Feature3ViewController.m in Sources */ = {isa = PBXBuildFile; fileRef = 1D501BC521A3A539004F3FCB /* Feature3ViewController.m */; };
		1D501BC921A3ACEC004F3FCB /* Feature4ViewController.m in Sources */ = {isa = PBXBuildFile; fileRef = 1D501BC821A3ACEC004F3FCB /* Feature4ViewController.m */; };
		1D501BCC21A3AF29004F3FCB /* Feature5ViewController.m in Sources */ = {isa = PBXBuildFile; fileRef = 1D501BCB21A3AF29004F3FCB /* Feature5ViewController.m */; };
		1D501BCF21A3B128004F3FCB /* Feature6ViewController.m in Sources */ = {isa = PBXBuildFile; fileRef = 1D501BCE21A3B128004F3FCB /* Feature6ViewController.m */; };
		1D501BD221A3B162004F3FCB /* Feature7ViewController.m in Sources */ = {isa = PBXBuildFile; fileRef = 1D501BD121A3B162004F3FCB /* Feature7ViewController.m */; };
		1D501BD821A3B7A2004F3FCB /* Feature9ViewController.m in Sources */ = {isa = PBXBuildFile; fileRef = 1D501BD721A3B7A2004F3FCB /* Feature9ViewController.m */; };
		1D501BD521A3B756004F3FCB /* Feature8ViewController.m in Sources */ = {isa = PBXBuildFile; fileRef = 1D501BD421A3B756004F3FCB /* Feature8ViewController.m */; };
		1D501BDB21A3B7DC004F3FCB /* Feature10ViewController.m in Sources */ = {isa = PBXBuildFile; fileRef = 1D501BDA21A3B7DC004F3FCB /* Feature10ViewController.m */; };
		1D501BDE21A3B82C004F3FCB /* Feature11ViewController.m in Sources */ = {isa = PBXBuildFile; fileRef = 1D501BDD21A3B82C004F3FCB /* Feature11ViewController.m */; };
		1D5041B521A2A3B500C224BD /* AppDelegate.m in Sources */ = {isa = PBXBuildFile; fileRef = 1D5041B421A2A3B500C224BD /* AppDelegate.m */; };
		1D5041B821A2A3B500C224BD /* ViewController.m in Sources */ = {isa = PBXBuildFile; fileRef = 1D5041B721A2A3B500C224BD /* ViewController.m */; };
		1D5041BB21A2A3B500C224BD /* Main.storyboard in Resources */ = {isa = PBXBuildFile; fileRef = 1D5041B921A2A3B500C224BD /* Main.storyboard */; };
		1D5041BD21A2A3BF00C224BD /* Assets.xcassets in Resources */ = {isa = PBXBuildFile; fileRef = 1D5041BC21A2A3BF00C224BD /* Assets.xcassets */; };
		1D5041C021A2A3BF00C224BD /* LaunchScreen.storyboard in Resources */ = {isa = PBXBuildFile; fileRef = 1D5041BE21A2A3BF00C224BD /* LaunchScreen.storyboard */; };
		1D5041C321A2A3BF00C224BD /* main.m in Sources */ = {isa = PBXBuildFile; fileRef = 1D5041C221A2A3BF00C224BD /* main.m */; };
		1D5041CD21A2A3BF00C224BD /* TESTGITTests.m in Sources */ = {isa = PBXBuildFile; fileRef = 1D5041CC21A2A3BF00C224BD /* TESTGITTests.m */; };
		1D5041D821A2A3BF00C224BD /* TESTGITUITests.m in Sources */ = {isa = PBXBuildFile; fileRef = 1D5041D721A2A3BF00C224BD /* TESTGITUITests.m */; };
		1D5041E721A2A47000C224BD /* FeatureViewController.m in Sources */ = {isa = PBXBuildFile; fileRef = 1D5041E621A2A47000C224BD /* FeatureViewController.m */; };
/* End PBXBuildFile section */

/* Begin PBXContainerItemProxy section */
		1D5041C921A2A3BF00C224BD /* PBXContainerItemProxy */ = {
			isa = PBXContainerItemProxy;
			containerPortal = 1D5041A821A2A3B500C224BD /* Project object */;
			proxyType = 1;
			remoteGlobalIDString = 1D5041AF21A2A3B500C224BD;
			remoteInfo = TESTGIT;
		};
		1D5041D421A2A3BF00C224BD /* PBXContainerItemProxy */ = {
			isa = PBXContainerItemProxy;
			containerPortal = 1D5041A821A2A3B500C224BD /* Project object */;
			proxyType = 1;
			remoteGlobalIDString = 1D5041AF21A2A3B500C224BD;
			remoteInfo = TESTGIT;
		};
/* End PBXContainerItemProxy section */

/* Begin PBXFileReference section */
		1D501BC121A3A1FD004F3FCB /* Feature2ViewController.h */ = {isa = PBXFileReference; lastKnownFileType = sourcecode.c.h; path = Feature2ViewController.h; sourceTree = "<group>"; };
		1D501BC221A3A1FD004F3FCB /* Feature2ViewController.m */ = {isa = PBXFileReference; lastKnownFileType = sourcecode.c.objc; path = Feature2ViewController.m; sourceTree = "<group>"; };
		1D501BC421A3A539004F3FCB /* Feature3ViewController.h */ = {isa = PBXFileReference; lastKnownFileType = sourcecode.c.h; path = Feature3ViewController.h; sourceTree = "<group>"; };
		1D501BC521A3A539004F3FCB /* Feature3ViewController.m */ = {isa = PBXFileReference; lastKnownFileType = sourcecode.c.objc; path = Feature3ViewController.m; sourceTree = "<group>"; };
		1D501BC721A3ACEC004F3FCB /* Feature4ViewController.h */ = {isa = PBXFileReference; lastKnownFileType = sourcecode.c.h; path = Feature4ViewController.h; sourceTree = "<group>"; };
		1D501BC821A3ACEC004F3FCB /* Feature4ViewController.m */ = {isa = PBXFileReference; lastKnownFileType = sourcecode.c.objc; path = Feature4ViewController.m; sourceTree = "<group>"; };
		1D501BCA21A3AF29004F3FCB /* Feature5ViewController.h */ = {isa = PBXFileReference; lastKnownFileType = sourcecode.c.h; path = Feature5ViewController.h; sourceTree = "<group>"; };
		1D501BCB21A3AF29004F3FCB /* Feature5ViewController.m */ = {isa = PBXFileReference; lastKnownFileType = sourcecode.c.objc; path = Feature5ViewController.m; sourceTree = "<group>"; };
		1D501BCD21A3B128004F3FCB /* Feature6ViewController.h */ = {isa = PBXFileReference; lastKnownFileType = sourcecode.c.h; path = Feature6ViewController.h; sourceTree = "<group>"; };
		1D501BCE21A3B128004F3FCB /* Feature6ViewController.m */ = {isa = PBXFileReference; lastKnownFileType = sourcecode.c.objc; path = Feature6ViewController.m; sourceTree = "<group>"; };
		1D501BD021A3B162004F3FCB /* Feature7ViewController.h */ = {isa = PBXFileReference; lastKnownFileType = sourcecode.c.h; path = Feature7ViewController.h; sourceTree = "<group>"; };
		1D501BD121A3B162004F3FCB /* Feature7ViewController.m */ = {isa = PBXFileReference; lastKnownFileType = sourcecode.c.objc; path = Feature7ViewController.m; sourceTree = "<group>"; };
		1D501BD621A3B7A2004F3FCB /* Feature9ViewController.h */ = {isa = PBXFileReference; lastKnownFileType = sourcecode.c.h; path = Feature9ViewController.h; sourceTree = "<group>"; };
		1D501BD721A3B7A2004F3FCB /* Feature9ViewController.m */ = {isa = PBXFileReference; lastKnownFileType = sourcecode.c.objc; path = Feature9ViewController.m; sourceTree = "<group>"; };
		1D501BD321A3B756004F3FCB /* Feature8ViewController.h */ = {isa = PBXFileReference; lastKnownFileType = sourcecode.c.h; path = Feature8ViewController.h; sourceTree = "<group>"; };
		1D501BD421A3B756004F3FCB /* Feature8ViewController.m */ = {isa = PBXFileReference; lastKnownFileType = sourcecode.c.objc; path = Feature8ViewController.m; sourceTree = "<group>"; };
		1D501BD921A3B7DC004F3FCB /* Feature10ViewController.h */ = {isa = PBXFileReference; lastKnownFileType = sourcecode.c.h; path = Feature10ViewController.h; sourceTree = "<group>"; };
		1D501BDA21A3B7DC004F3FCB /* Feature10ViewController.m */ = {isa = PBXFileReference; lastKnownFileType = sourcecode.c.objc; path = Feature10ViewController.m; sourceTree = "<group>"; };
		1D501BDC21A3B82C004F3FCB /* Feature11ViewController.h */ = {isa = PBXFileReference; lastKnownFileType = sourcecode.c.h; path = Feature11ViewController.h; sourceTree = "<group>"; };
		1D501BDD21A3B82C004F3FCB /* Feature11ViewController.m */ = {isa = PBXFileReference; lastKnownFileType = sourcecode.c.objc; path = Feature11ViewController.m; sourceTree = "<group>"; };
		1D5041B021A2A3B500C224BD /* TESTGIT.app */ = {isa = PBXFileReference; explicitFileType = wrapper.application; includeInIndex = 0; path = TESTGIT.app; sourceTree = BUILT_PRODUCTS_DIR; };
		1D5041B321A2A3B500C224BD /* AppDelegate.h */ = {isa = PBXFileReference; lastKnownFileType = sourcecode.c.h; path = AppDelegate.h; sourceTree = "<group>"; };
		1D5041B421A2A3B500C224BD /* AppDelegate.m */ = {isa = PBXFileReference; lastKnownFileType = sourcecode.c.objc; path = AppDelegate.m; sourceTree = "<group>"; };
		1D5041B621A2A3B500C224BD /* ViewController.h */ = {isa = PBXFileReference; lastKnownFileType = sourcecode.c.h; path = ViewController.h; sourceTree = "<group>"; };
		1D5041B721A2A3B500C224BD /* ViewController.m */ = {isa = PBXFileReference; lastKnownFileType = sourcecode.c.objc; path = ViewController.m; sourceTree = "<group>"; };
		1D5041BA21A2A3B500C224BD /* Base */ = {isa = PBXFileReference; lastKnownFileType = file.storyboard; name = Base; path = Base.lproj/Main.storyboard; sourceTree = "<group>"; };
		1D5041BC21A2A3BF00C224BD /* Assets.xcassets */ = {isa = PBXFileReference; lastKnownFileType = folder.assetcatalog; path = Assets.xcassets; sourceTree = "<group>"; };
		1D5041BF21A2A3BF00C224BD /* Base */ = {isa = PBXFileReference; lastKnownFileType = file.storyboard; name = Base; path = Base.lproj/LaunchScreen.storyboard; sourceTree = "<group>"; };
		1D5041C121A2A3BF00C224BD /* Info.plist */ = {isa = PBXFileReference; lastKnownFileType = text.plist.xml; path = Info.plist; sourceTree = "<group>"; };
		1D5041C221A2A3BF00C224BD /* main.m */ = {isa = PBXFileReference; lastKnownFileType = sourcecode.c.objc; path = main.m; sourceTree = "<group>"; };
		1D5041C821A2A3BF00C224BD /* TESTGITTests.xctest */ = {isa = PBXFileReference; explicitFileType = wrapper.cfbundle; includeInIndex = 0; path = TESTGITTests.xctest; sourceTree = BUILT_PRODUCTS_DIR; };
		1D5041CC21A2A3BF00C224BD /* TESTGITTests.m */ = {isa = PBXFileReference; lastKnownFileType = sourcecode.c.objc; path = TESTGITTests.m; sourceTree = "<group>"; };
		1D5041CE21A2A3BF00C224BD /* Info.plist */ = {isa = PBXFileReference; lastKnownFileType = text.plist.xml; path = Info.plist; sourceTree = "<group>"; };
		1D5041D321A2A3BF00C224BD /* TESTGITUITests.xctest */ = {isa = PBXFileReference; explicitFileType = wrapper.cfbundle; includeInIndex = 0; path = TESTGITUITests.xctest; sourceTree = BUILT_PRODUCTS_DIR; };
		1D5041D721A2A3BF00C224BD /* TESTGITUITests.m */ = {isa = PBXFileReference; lastKnownFileType = sourcecode.c.objc; path = TESTGITUITests.m; sourceTree = "<group>"; };
		1D5041D921A2A3BF00C224BD /* Info.plist */ = {isa = PBXFileReference; lastKnownFileType = text.plist.xml; path = Info.plist; sourceTree = "<group>"; };
		1D5041E521A2A47000C224BD /* FeatureViewController.h */ = {isa = PBXFileReference; lastKnownFileType = sourcecode.c.h; path = FeatureViewController.h; sourceTree = "<group>"; };
		1D5041E621A2A47000C224BD /* FeatureViewController.m */ = {isa = PBXFileReference; lastKnownFileType = sourcecode.c.objc; path = FeatureViewController.m; sourceTree = "<group>"; };
/* End PBXFileReference section */

/* Begin PBXFrameworksBuildPhase section */
		1D5041AD21A2A3B500C224BD /* Frameworks */ = {
			isa = PBXFrameworksBuildPhase;
			buildActionMask = 2147483647;
			files = (
			);
			runOnlyForDeploymentPostprocessing = 0;
		};
		1D5041C521A2A3BF00C224BD /* Frameworks */ = {
			isa = PBXFrameworksBuildPhase;
			buildActionMask = 2147483647;
			files = (
			);
			runOnlyForDeploymentPostprocessing = 0;
		};
		1D5041D021A2A3BF00C224BD /* Frameworks */ = {
			isa = PBXFrameworksBuildPhase;
			buildActionMask = 2147483647;
			files = (
			);
			runOnlyForDeploymentPostprocessing = 0;
		};
/* End PBXFrameworksBuildPhase section */

/* Begin PBXGroup section */
		1D5041A721A2A3B500C224BD = {
			isa = PBXGroup;
			children = (
				1D5041B221A2A3B500C224BD /* TESTGIT */,
				1D5041CB21A2A3BF00C224BD /* TESTGITTests */,
				1D5041D621A2A3BF00C224BD /* TESTGITUITests */,
				1D5041B121A2A3B500C224BD /* Products */,
			);
			sourceTree = "<group>";
		};
		1D5041B121A2A3B500C224BD /* Products */ = {
			isa = PBXGroup;
			children = (
				1D5041B021A2A3B500C224BD /* TESTGIT.app */,
				1D5041C821A2A3BF00C224BD /* TESTGITTests.xctest */,
				1D5041D321A2A3BF00C224BD /* TESTGITUITests.xctest */,
			);
			name = Products;
			sourceTree = "<group>";
		};
		1D5041B221A2A3B500C224BD /* TESTGIT */ = {
			isa = PBXGroup;
			children = (
				1D5041B321A2A3B500C224BD /* AppDelegate.h */,
				1D5041B421A2A3B500C224BD /* AppDelegate.m */,
				1D5041B621A2A3B500C224BD /* ViewController.h */,
				1D5041B721A2A3B500C224BD /* ViewController.m */,
				1D5041E521A2A47000C224BD /* FeatureViewController.h */,
				1D5041E621A2A47000C224BD /* FeatureViewController.m */,
				1D501BC121A3A1FD004F3FCB /* Feature2ViewController.h */,
				1D501BC221A3A1FD004F3FCB /* Feature2ViewController.m */,
				1D501BC421A3A539004F3FCB /* Feature3ViewController.h */,
				1D501BC521A3A539004F3FCB /* Feature3ViewController.m */,
				1D501BC721A3ACEC004F3FCB /* Feature4ViewController.h */,
				1D501BC821A3ACEC004F3FCB /* Feature4ViewController.m */,
				1D501BCA21A3AF29004F3FCB /* Feature5ViewController.h */,
				1D501BCB21A3AF29004F3FCB /* Feature5ViewController.m */,
				1D501BD021A3B162004F3FCB /* Feature7ViewController.h */,
				1D501BD121A3B162004F3FCB /* Feature7ViewController.m */,
				1D501BCD21A3B128004F3FCB /* Feature6ViewController.h */,
				1D501BCE21A3B128004F3FCB /* Feature6ViewController.m */,
				1D501BD621A3B7A2004F3FCB /* Feature9ViewController.h */,
				1D501BD721A3B7A2004F3FCB /* Feature9ViewController.m */,
				1D501BD321A3B756004F3FCB /* Feature8ViewController.h */,
				1D501BD421A3B756004F3FCB /* Feature8ViewController.m */,
				1D501BD921A3B7DC004F3FCB /* Feature10ViewController.h */,
				1D501BDA21A3B7DC004F3FCB /* Feature10ViewController.m */,
				1D501BDC21A3B82C004F3FCB /* Feature11ViewController.h */,
				1D501BDD21A3B82C004F3FCB /* Feature11ViewController.m */,
				1D5041B921A2A3B500C224BD /* Main.storyboard */,
				1D5041BC21A2A3BF00C224BD /* Assets.xcassets */,
				1D5041BE21A2A3BF00C224BD /* LaunchScreen.storyboard */,
				1D5041C121A2A3BF00C224BD /* Info.plist */,
				1D5041C221A2A3BF00C224BD /* main.m */,
			);
			path = TESTGIT;
			sourceTree = "<group>";
		};
		1D5041CB21A2A3BF00C224BD /* TESTGITTests */ = {
			isa = PBXGroup;
			children = (
				1D5041CC21A2A3BF00C224BD /* TESTGITTests.m */,
				1D5041CE21A2A3BF00C224BD /* Info.plist */,
			);
			path = TESTGITTests;
			sourceTree = "<group>";
		};
		1D5041D621A2A3BF00C224BD /* TESTGITUITests */ = {
			isa = PBXGroup;
			children = (
				1D5041D721A2A3BF00C224BD /* TESTGITUITests.m */,
				1D5041D921A2A3BF00C224BD /* Info.plist */,
			);
			path = TESTGITUITests;
			sourceTree = "<group>";
		};
/* End PBXGroup section */

/* Begin PBXNativeTarget section */
		1D5041AF21A2A3B500C224BD /* TESTGIT */ = {
			isa = PBXNativeTarget;
			buildConfigurationList = 1D5041DC21A2A3BF00C224BD /* Build configuration list for PBXNativeTarget "TESTGIT" */;
			buildPhases = (
				1D5041AC21A2A3B500C224BD /* Sources */,
				1D5041AD21A2A3B500C224BD /* Frameworks */,
				1D5041AE21A2A3B500C224BD /* Resources */,
			);
			buildRules = (
			);
			dependencies = (
			);
			name = TESTGIT;
			productName = TESTGIT;
			productReference = 1D5041B021A2A3B500C224BD /* TESTGIT.app */;
			productType = "com.apple.product-type.application";
		};
		1D5041C721A2A3BF00C224BD /* TESTGITTests */ = {
			isa = PBXNativeTarget;
			buildConfigurationList = 1D5041DF21A2A3BF00C224BD /* Build configuration list for PBXNativeTarget "TESTGITTests" */;
			buildPhases = (
				1D5041C421A2A3BF00C224BD /* Sources */,
				1D5041C521A2A3BF00C224BD /* Frameworks */,
				1D5041C621A2A3BF00C224BD /* Resources */,
			);
			buildRules = (
			);
			dependencies = (
				1D5041CA21A2A3BF00C224BD /* PBXTargetDependency */,
			);
			name = TESTGITTests;
			productName = TESTGITTests;
			productReference = 1D5041C821A2A3BF00C224BD /* TESTGITTests.xctest */;
			productType = "com.apple.product-type.bundle.unit-test";
		};
		1D5041D221A2A3BF00C224BD /* TESTGITUITests */ = {
			isa = PBXNativeTarget;
			buildConfigurationList = 1D5041E221A2A3BF00C224BD /* Build configuration list for PBXNativeTarget "TESTGITUITests" */;
			buildPhases = (
				1D5041CF21A2A3BF00C224BD /* Sources */,
				1D5041D021A2A3BF00C224BD /* Frameworks */,
				1D5041D121A2A3BF00C224BD /* Resources */,
			);
			buildRules = (
			);
			dependencies = (
				1D5041D521A2A3BF00C224BD /* PBXTargetDependency */,
			);
			name = TESTGITUITests;
			productName = TESTGITUITests;
			productReference = 1D5041D321A2A3BF00C224BD /* TESTGITUITests.xctest */;
			productType = "com.apple.product-type.bundle.ui-testing";
		};
/* End PBXNativeTarget section */

/* Begin PBXProject section */
		1D5041A821A2A3B500C224BD /* Project object */ = {
			isa = PBXProject;
			attributes = {
				LastUpgradeCheck = 1010;
				ORGANIZATIONNAME = intretech;
				TargetAttributes = {
					1D5041AF21A2A3B500C224BD = {
						CreatedOnToolsVersion = 10.1;
					};
					1D5041C721A2A3BF00C224BD = {
						CreatedOnToolsVersion = 10.1;
						TestTargetID = 1D5041AF21A2A3B500C224BD;
					};
					1D5041D221A2A3BF00C224BD = {
						CreatedOnToolsVersion = 10.1;
						TestTargetID = 1D5041AF21A2A3B500C224BD;
					};
				};
			};
			buildConfigurationList = 1D5041AB21A2A3B500C224BD /* Build configuration list for PBXProject "TESTGIT" */;
			compatibilityVersion = "Xcode 9.3";
			developmentRegion = en;
			hasScannedForEncodings = 0;
			knownRegions = (
				en,
				Base,
			);
			mainGroup = 1D5041A721A2A3B500C224BD;
			productRefGroup = 1D5041B121A2A3B500C224BD /* Products */;
			projectDirPath = "";
			projectRoot = "";
			targets = (
				1D5041AF21A2A3B500C224BD /* TESTGIT */,
				1D5041C721A2A3BF00C224BD /* TESTGITTests */,
				1D5041D221A2A3BF00C224BD /* TESTGITUITests */,
			);
		};
/* End PBXProject section */

/* Begin PBXResourcesBuildPhase section */
		1D5041AE21A2A3B500C224BD /* Resources */ = {
			isa = PBXResourcesBuildPhase;
			buildActionMask = 2147483647;
			files = (
				1D5041C021A2A3BF00C224BD /* LaunchScreen.storyboard in Resources */,
				1D5041BD21A2A3BF00C224BD /* Assets.xcassets in Resources */,
				1D5041BB21A2A3B500C224BD /* Main.storyboard in Resources */,
			);
			runOnlyForDeploymentPostprocessing = 0;
		};
		1D5041C621A2A3BF00C224BD /* Resources */ = {
			isa = PBXResourcesBuildPhase;
			buildActionMask = 2147483647;
			files = (
			);
			runOnlyForDeploymentPostprocessing = 0;
		};
		1D5041D121A2A3BF00C224BD /* Resources */ = {
			isa = PBXResourcesBuildPhase;
			buildActionMask = 2147483647;
			files = (
			);
			runOnlyForDeploymentPostprocessing = 0;
		};
/* End PBXResourcesBuildPhase section */

/* Begin PBXSourcesBuildPhase section */
		1D5041AC21A2A3B500C224BD /* Sources */ = {
			isa = PBXSourcesBuildPhase;
			buildActionMask = 2147483647;
			files = (
				1D5041B821A2A3B500C224BD /* ViewController.m in Sources */,
				1D501BC321A3A1FD004F3FCB /* Feature2ViewController.m in Sources */,
				1D501BD821A3B7A2004F3FCB /* Feature9ViewController.m in Sources */,
				1D501BCF21A3B128004F3FCB /* Feature6ViewController.m in Sources */,
				1D5041E721A2A47000C224BD /* FeatureViewController.m in Sources */,
				1D501BCC21A3AF29004F3FCB /* Feature5ViewController.m in Sources */,
				1D501BD521A3B756004F3FCB /* Feature8ViewController.m in Sources */,
				1D501BDB21A3B7DC004F3FCB /* Feature10ViewController.m in Sources */,
				1D501BC621A3A539004F3FCB /* Feature3ViewController.m in Sources */,
				1D501BC921A3ACEC004F3FCB /* Feature4ViewController.m in Sources */,
				1D501BD221A3B162004F3FCB /* Feature7ViewController.m in Sources */,
				1D5041C321A2A3BF00C224BD /* main.m in Sources */,
				1D501BDE21A3B82C004F3FCB /* Feature11ViewController.m in Sources */,
				1D5041B521A2A3B500C224BD /* AppDelegate.m in Sources */,
			);
			runOnlyForDeploymentPostprocessing = 0;
		};
		1D5041C421A2A3BF00C224BD /* Sources */ = {
			isa = PBXSourcesBuildPhase;
			buildActionMask = 2147483647;
			files = (
				1D5041CD21A2A3BF00C224BD /* TESTGITTests.m in Sources */,
			);
			runOnlyForDeploymentPostprocessing = 0;
		};
		1D5041CF21A2A3BF00C224BD /* Sources */ = {
			isa = PBXSourcesBuildPhase;
			buildActionMask = 2147483647;
			files = (
				1D5041D821A2A3BF00C224BD /* TESTGITUITests.m in Sources */,
			);
			runOnlyForDeploymentPostprocessing = 0;
		};
/* End PBXSourcesBuildPhase section */

/* Begin PBXTargetDependency section */
		1D5041CA21A2A3BF00C224BD /* PBXTargetDependency */ = {
			isa = PBXTargetDependency;
			target = 1D5041AF21A2A3B500C224BD /* TESTGIT */;
			targetProxy = 1D5041C921A2A3BF00C224BD /* PBXContainerItemProxy */;
		};
		1D5041D521A2A3BF00C224BD /* PBXTargetDependency */ = {
			isa = PBXTargetDependency;
			target = 1D5041AF21A2A3B500C224BD /* TESTGIT */;
			targetProxy = 1D5041D421A2A3BF00C224BD /* PBXContainerItemProxy */;
		};
/* End PBXTargetDependency section */

/* Begin PBXVariantGroup section */
		1D5041B921A2A3B500C224BD /* Main.storyboard */ = {
			isa = PBXVariantGroup;
			children = (
				1D5041BA21A2A3B500C224BD /* Base */,
			);
			name = Main.storyboard;
			sourceTree = "<group>";
		};
		1D5041BE21A2A3BF00C224BD /* LaunchScreen.storyboard */ = {
			isa = PBXVariantGroup;
			children = (
				1D5041BF21A2A3BF00C224BD /* Base */,
			);
			name = LaunchScreen.storyboard;
			sourceTree = "<group>";
		};
/* End PBXVariantGroup section */

/* Begin XCBuildConfiguration section */
		1D5041DA21A2A3BF00C224BD /* Debug */ = {
			isa = XCBuildConfiguration;
			buildSettings = {
				ALWAYS_SEARCH_USER_PATHS = NO;
				CLANG_ANALYZER_NONNULL = YES;
				CLANG_ANALYZER_NUMBER_OBJECT_CONVERSION = YES_AGGRESSIVE;
				CLANG_CXX_LANGUAGE_STANDARD = "gnu++14";
				CLANG_CXX_LIBRARY = "libc++";
				CLANG_ENABLE_MODULES = YES;
				CLANG_ENABLE_OBJC_ARC = YES;
				CLANG_ENABLE_OBJC_WEAK = YES;
				CLANG_WARN_BLOCK_CAPTURE_AUTORELEASING = YES;
				CLANG_WARN_BOOL_CONVERSION = YES;
				CLANG_WARN_COMMA = YES;
				CLANG_WARN_CONSTANT_CONVERSION = YES;
				CLANG_WARN_DEPRECATED_OBJC_IMPLEMENTATIONS = YES;
				CLANG_WARN_DIRECT_OBJC_ISA_USAGE = YES_ERROR;
				CLANG_WARN_DOCUMENTATION_COMMENTS = YES;
				CLANG_WARN_EMPTY_BODY = YES;
				CLANG_WARN_ENUM_CONVERSION = YES;
				CLANG_WARN_INFINITE_RECURSION = YES;
				CLANG_WARN_INT_CONVERSION = YES;
				CLANG_WARN_NON_LITERAL_NULL_CONVERSION = YES;
				CLANG_WARN_OBJC_IMPLICIT_RETAIN_SELF = YES;
				CLANG_WARN_OBJC_LITERAL_CONVERSION = YES;
				CLANG_WARN_OBJC_ROOT_CLASS = YES_ERROR;
				CLANG_WARN_RANGE_LOOP_ANALYSIS = YES;
				CLANG_WARN_STRICT_PROTOTYPES = YES;
				CLANG_WARN_SUSPICIOUS_MOVE = YES;
				CLANG_WARN_UNGUARDED_AVAILABILITY = YES_AGGRESSIVE;
				CLANG_WARN_UNREACHABLE_CODE = YES;
				CLANG_WARN__DUPLICATE_METHOD_MATCH = YES;
				CODE_SIGN_IDENTITY = "iPhone Developer";
				COPY_PHASE_STRIP = NO;
				DEBUG_INFORMATION_FORMAT = dwarf;
				ENABLE_STRICT_OBJC_MSGSEND = YES;
				ENABLE_TESTABILITY = YES;
				GCC_C_LANGUAGE_STANDARD = gnu11;
				GCC_DYNAMIC_NO_PIC = NO;
				GCC_NO_COMMON_BLOCKS = YES;
				GCC_OPTIMIZATION_LEVEL = 0;
				GCC_PREPROCESSOR_DEFINITIONS = (
					"DEBUG=1",
					"$(inherited)",
				);
				GCC_WARN_64_TO_32_BIT_CONVERSION = YES;
				GCC_WARN_ABOUT_RETURN_TYPE = YES_ERROR;
				GCC_WARN_UNDECLARED_SELECTOR = YES;
				GCC_WARN_UNINITIALIZED_AUTOS = YES_AGGRESSIVE;
				GCC_WARN_UNUSED_FUNCTION = YES;
				GCC_WARN_UNUSED_VARIABLE = YES;
				IPHONEOS_DEPLOYMENT_TARGET = 12.1;
				MTL_ENABLE_DEBUG_INFO = INCLUDE_SOURCE;
				MTL_FAST_MATH = YES;
				ONLY_ACTIVE_ARCH = YES;
				SDKROOT = iphoneos;
			};
			name = Debug;
		};
		1D5041DB21A2A3BF00C224BD /* Release */ = {
			isa = XCBuildConfiguration;
			buildSettings = {
				ALWAYS_SEARCH_USER_PATHS = NO;
				CLANG_ANALYZER_NONNULL = YES;
				CLANG_ANALYZER_NUMBER_OBJECT_CONVERSION = YES_AGGRESSIVE;
				CLANG_CXX_LANGUAGE_STANDARD = "gnu++14";
				CLANG_CXX_LIBRARY = "libc++";
				CLANG_ENABLE_MODULES = YES;
				CLANG_ENABLE_OBJC_ARC = YES;
				CLANG_ENABLE_OBJC_WEAK = YES;
				CLANG_WARN_BLOCK_CAPTURE_AUTORELEASING = YES;
				CLANG_WARN_BOOL_CONVERSION = YES;
				CLANG_WARN_COMMA = YES;
				CLANG_WARN_CONSTANT_CONVERSION = YES;
				CLANG_WARN_DEPRECATED_OBJC_IMPLEMENTATIONS = YES;
				CLANG_WARN_DIRECT_OBJC_ISA_USAGE = YES_ERROR;
				CLANG_WARN_DOCUMENTATION_COMMENTS = YES;
				CLANG_WARN_EMPTY_BODY = YES;
				CLANG_WARN_ENUM_CONVERSION = YES;
				CLANG_WARN_INFINITE_RECURSION = YES;
				CLANG_WARN_INT_CONVERSION = YES;
				CLANG_WARN_NON_LITERAL_NULL_CONVERSION = YES;
				CLANG_WARN_OBJC_IMPLICIT_RETAIN_SELF = YES;
				CLANG_WARN_OBJC_LITERAL_CONVERSION = YES;
				CLANG_WARN_OBJC_ROOT_CLASS = YES_ERROR;
				CLANG_WARN_RANGE_LOOP_ANALYSIS = YES;
				CLANG_WARN_STRICT_PROTOTYPES = YES;
				CLANG_WARN_SUSPICIOUS_MOVE = YES;
				CLANG_WARN_UNGUARDED_AVAILABILITY = YES_AGGRESSIVE;
				CLANG_WARN_UNREACHABLE_CODE = YES;
				CLANG_WARN__DUPLICATE_METHOD_MATCH = YES;
				CODE_SIGN_IDENTITY = "iPhone Developer";
				COPY_PHASE_STRIP = NO;
				DEBUG_INFORMATION_FORMAT = "dwarf-with-dsym";
				ENABLE_NS_ASSERTIONS = NO;
				ENABLE_STRICT_OBJC_MSGSEND = YES;
				GCC_C_LANGUAGE_STANDARD = gnu11;
				GCC_NO_COMMON_BLOCKS = YES;
				GCC_WARN_64_TO_32_BIT_CONVERSION = YES;
				GCC_WARN_ABOUT_RETURN_TYPE = YES_ERROR;
				GCC_WARN_UNDECLARED_SELECTOR = YES;
				GCC_WARN_UNINITIALIZED_AUTOS = YES_AGGRESSIVE;
				GCC_WARN_UNUSED_FUNCTION = YES;
				GCC_WARN_UNUSED_VARIABLE = YES;
				IPHONEOS_DEPLOYMENT_TARGET = 12.1;
				MTL_ENABLE_DEBUG_INFO = NO;
				MTL_FAST_MATH = YES;
				SDKROOT = iphoneos;
				VALIDATE_PRODUCT = YES;
			};
			name = Release;
		};
		1D5041DD21A2A3BF00C224BD /* Debug */ = {
			isa = XCBuildConfiguration;
			buildSettings = {
				ASSETCATALOG_COMPILER_APPICON_NAME = AppIcon;
				CODE_SIGN_STYLE = Automatic;
				INFOPLIST_FILE = TESTGIT/Info.plist;
				LD_RUNPATH_SEARCH_PATHS = (
					"$(inherited)",
					"@executable_path/Frameworks",
				);
				PRODUCT_BUNDLE_IDENTIFIER = intretech.TESTGIT;
				PRODUCT_NAME = "$(TARGET_NAME)";
				TARGETED_DEVICE_FAMILY = "1,2";
			};
			name = Debug;
		};
		1D5041DE21A2A3BF00C224BD /* Release */ = {
			isa = XCBuildConfiguration;
			buildSettings = {
				ASSETCATALOG_COMPILER_APPICON_NAME = AppIcon;
				CODE_SIGN_STYLE = Automatic;
				INFOPLIST_FILE = TESTGIT/Info.plist;
				LD_RUNPATH_SEARCH_PATHS = (
					"$(inherited)",
					"@executable_path/Frameworks",
				);
				PRODUCT_BUNDLE_IDENTIFIER = intretech.TESTGIT;
				PRODUCT_NAME = "$(TARGET_NAME)";
				TARGETED_DEVICE_FAMILY = "1,2";
			};
			name = Release;
		};
		1D5041E021A2A3BF00C224BD /* Debug */ = {
			isa = XCBuildConfiguration;
			buildSettings = {
				BUNDLE_LOADER = "$(TEST_HOST)";
				CODE_SIGN_STYLE = Automatic;
				INFOPLIST_FILE = TESTGITTests/Info.plist;
				LD_RUNPATH_SEARCH_PATHS = (
					"$(inherited)",
					"@executable_path/Frameworks",
					"@loader_path/Frameworks",
				);
				PRODUCT_BUNDLE_IDENTIFIER = intretech.TESTGITTests;
				PRODUCT_NAME = "$(TARGET_NAME)";
				TARGETED_DEVICE_FAMILY = "1,2";
				TEST_HOST = "$(BUILT_PRODUCTS_DIR)/TESTGIT.app/TESTGIT";
			};
			name = Debug;
		};
		1D5041E121A2A3BF00C224BD /* Release */ = {
			isa = XCBuildConfiguration;
			buildSettings = {
				BUNDLE_LOADER = "$(TEST_HOST)";
				CODE_SIGN_STYLE = Automatic;
				INFOPLIST_FILE = TESTGITTests/Info.plist;
				LD_RUNPATH_SEARCH_PATHS = (
					"$(inherited)",
					"@executable_path/Frameworks",
					"@loader_path/Frameworks",
				);
				PRODUCT_BUNDLE_IDENTIFIER = intretech.TESTGITTests;
				PRODUCT_NAME = "$(TARGET_NAME)";
				TARGETED_DEVICE_FAMILY = "1,2";
				TEST_HOST = "$(BUILT_PRODUCTS_DIR)/TESTGIT.app/TESTGIT";
			};
			name = Release;
		};
		1D5041E321A2A3BF00C224BD /* Debug */ = {
			isa = XCBuildConfiguration;
			buildSettings = {
				CODE_SIGN_STYLE = Automatic;
				INFOPLIST_FILE = TESTGITUITests/Info.plist;
				LD_RUNPATH_SEARCH_PATHS = (
					"$(inherited)",
					"@executable_path/Frameworks",
					"@loader_path/Frameworks",
				);
				PRODUCT_BUNDLE_IDENTIFIER = intretech.TESTGITUITests;
				PRODUCT_NAME = "$(TARGET_NAME)";
				TARGETED_DEVICE_FAMILY = "1,2";
				TEST_TARGET_NAME = TESTGIT;
			};
			name = Debug;
		};
		1D5041E421A2A3BF00C224BD /* Release */ = {
			isa = XCBuildConfiguration;
			buildSettings = {
				CODE_SIGN_STYLE = Automatic;
				INFOPLIST_FILE = TESTGITUITests/Info.plist;
				LD_RUNPATH_SEARCH_PATHS = (
					"$(inherited)",
					"@executable_path/Frameworks",
					"@loader_path/Frameworks",
				);
				PRODUCT_BUNDLE_IDENTIFIER = intretech.TESTGITUITests;
				PRODUCT_NAME = "$(TARGET_NAME)";
				TARGETED_DEVICE_FAMILY = "1,2";
				TEST_TARGET_NAME = TESTGIT;
			};
			name = Release;
		};
/* End XCBuildConfiguration section */

/* Begin XCConfigurationList section */
		1D5041AB21A2A3B500C224BD /* Build configuration list for PBXProject "TESTGIT" */ = {
			isa = XCConfigurationList;
			buildConfigurations = (
				1D5041DA21A2A3BF00C224BD /* Debug */,
				1D5041DB21A2A3BF00C224BD /* Release */,
			);
			defaultConfigurationIsVisible = 0;
			defaultConfigurationName = Release;
		};
		1D5041DC21A2A3BF00C224BD /* Build configuration list for PBXNativeTarget "TESTGIT" */ = {
			isa = XCConfigurationList;
			buildConfigurations = (
				1D5041DD21A2A3BF00C224BD /* Debug */,
				1D5041DE21A2A3BF00C224BD /* Release */,
			);
			defaultConfigurationIsVisible = 0;
			defaultConfigurationName = Release;
		};
		1D5041DF21A2A3BF00C224BD /* Build configuration list for PBXNativeTarget "TESTGITTests" */ = {
			isa = XCConfigurationList;
			buildConfigurations = (
				1D5041E021A2A3BF00C224BD /* Debug */,
				1D5041E121A2A3BF00C224BD /* Release */,
			);
			defaultConfigurationIsVisible = 0;
			defaultConfigurationName = Release;
		};
		1D5041E221A2A3BF00C224BD /* Build configuration list for PBXNativeTarget "TESTGITUITests" */ = {
			isa = XCConfigurationList;
			buildConfigurations = (
				1D5041E321A2A3BF00C224BD /* Debug */,
				1D5041E421A2A3BF00C224BD /* Release */,
			);
			defaultConfigurationIsVisible = 0;
			defaultConfigurationName = Release;
		};
/* End XCConfigurationList section */
	};
	rootObject = 1D5041A821A2A3B500C224BD /* Project object */;
}
